// !$*UTF8*$!
{
	archiveVersion = 1;
	classes = {
	};
	objectVersion = 56;
	objects = {

/* Begin PBXBuildFile section */
		DA275C592A44767100D09F77 /* GoogleService-Info.plist in Resources */ = {isa = PBXBuildFile; fileRef = DA275C582A44767100D09F77 /* GoogleService-Info.plist */; };
		DA275C5C2A44777400D09F77 /* FirebaseAnalytics in Frameworks */ = {isa = PBXBuildFile; productRef = DA275C5B2A44777400D09F77 /* FirebaseAnalytics */; };
		DA275C5E2A44777500D09F77 /* FirebaseAnalyticsSwift in Frameworks */ = {isa = PBXBuildFile; productRef = DA275C5D2A44777500D09F77 /* FirebaseAnalyticsSwift */; };
		DA275C602A44777500D09F77 /* FirebaseAuth in Frameworks */ = {isa = PBXBuildFile; productRef = DA275C5F2A44777500D09F77 /* FirebaseAuth */; };
		DA275C622A44777500D09F77 /* FirebaseAuthCombine-Community in Frameworks */ = {isa = PBXBuildFile; productRef = DA275C612A44777500D09F77 /* FirebaseAuthCombine-Community */; };
		DA275C642A44777500D09F77 /* FirebaseCrashlytics in Frameworks */ = {isa = PBXBuildFile; productRef = DA275C632A44777500D09F77 /* FirebaseCrashlytics */; };
		DAC6C2D12A3D7932002D33F8 /* AppDelegate.swift in Sources */ = {isa = PBXBuildFile; fileRef = DAC6C2D02A3D7932002D33F8 /* AppDelegate.swift */; };
		DAC6C2D32A3D7932002D33F8 /* SceneDelegate.swift in Sources */ = {isa = PBXBuildFile; fileRef = DAC6C2D22A3D7932002D33F8 /* SceneDelegate.swift */; };
		DAC6C2D52A3D7932002D33F8 /* ViewController.swift in Sources */ = {isa = PBXBuildFile; fileRef = DAC6C2D42A3D7932002D33F8 /* ViewController.swift */; };
		DAC6C2D82A3D7932002D33F8 /* Main.storyboard in Resources */ = {isa = PBXBuildFile; fileRef = DAC6C2D62A3D7932002D33F8 /* Main.storyboard */; };
		DAC6C2DA2A3D7933002D33F8 /* Assets.xcassets in Resources */ = {isa = PBXBuildFile; fileRef = DAC6C2D92A3D7933002D33F8 /* Assets.xcassets */; };
		DAC6C2DD2A3D7933002D33F8 /* LaunchScreen.storyboard in Resources */ = {isa = PBXBuildFile; fileRef = DAC6C2DB2A3D7933002D33F8 /* LaunchScreen.storyboard */; };
/* End PBXBuildFile section */

/* Begin PBXFileReference section */
		DA275C582A44767100D09F77 /* GoogleService-Info.plist */ = {isa = PBXFileReference; fileEncoding = 4; lastKnownFileType = text.plist.xml; path = "GoogleService-Info.plist"; sourceTree = "<group>"; };
		DAC6C2CD2A3D7932002D33F8 /* PetsNextDoor.app */ = {isa = PBXFileReference; explicitFileType = wrapper.application; includeInIndex = 0; path = PetsNextDoor.app; sourceTree = BUILT_PRODUCTS_DIR; };
		DAC6C2D02A3D7932002D33F8 /* AppDelegate.swift */ = {isa = PBXFileReference; lastKnownFileType = sourcecode.swift; path = AppDelegate.swift; sourceTree = "<group>"; };
		DAC6C2D22A3D7932002D33F8 /* SceneDelegate.swift */ = {isa = PBXFileReference; lastKnownFileType = sourcecode.swift; path = SceneDelegate.swift; sourceTree = "<group>"; };
		DAC6C2D42A3D7932002D33F8 /* ViewController.swift */ = {isa = PBXFileReference; lastKnownFileType = sourcecode.swift; path = ViewController.swift; sourceTree = "<group>"; };
		DAC6C2D72A3D7932002D33F8 /* Base */ = {isa = PBXFileReference; lastKnownFileType = file.storyboard; name = Base; path = Base.lproj/Main.storyboard; sourceTree = "<group>"; };
		DAC6C2D92A3D7933002D33F8 /* Assets.xcassets */ = {isa = PBXFileReference; lastKnownFileType = folder.assetcatalog; path = Assets.xcassets; sourceTree = "<group>"; };
		DAC6C2DC2A3D7933002D33F8 /* Base */ = {isa = PBXFileReference; lastKnownFileType = file.storyboard; name = Base; path = Base.lproj/LaunchScreen.storyboard; sourceTree = "<group>"; };
		DAC6C2DE2A3D7933002D33F8 /* Info.plist */ = {isa = PBXFileReference; lastKnownFileType = text.plist.xml; path = Info.plist; sourceTree = "<group>"; };
/* End PBXFileReference section */

/* Begin PBXFrameworksBuildPhase section */
		DAC6C2CA2A3D7932002D33F8 /* Frameworks */ = {
			isa = PBXFrameworksBuildPhase;
			buildActionMask = 2147483647;
			files = (
				DA275C5E2A44777500D09F77 /* FirebaseAnalyticsSwift in Frameworks */,
				DA275C602A44777500D09F77 /* FirebaseAuth in Frameworks */,
				DA275C642A44777500D09F77 /* FirebaseCrashlytics in Frameworks */,
				DA275C5C2A44777400D09F77 /* FirebaseAnalytics in Frameworks */,
				DA275C622A44777500D09F77 /* FirebaseAuthCombine-Community in Frameworks */,
			);
			runOnlyForDeploymentPostprocessing = 0;
		};
/* End PBXFrameworksBuildPhase section */

/* Begin PBXGroup section */
		DAC6C2C42A3D7932002D33F8 = {
			isa = PBXGroup;
			children = (
				DAC6C2CF2A3D7932002D33F8 /* PetsNextDoor */,
				DAC6C2CE2A3D7932002D33F8 /* Products */,
			);
			sourceTree = "<group>";
		};
		DAC6C2CE2A3D7932002D33F8 /* Products */ = {
			isa = PBXGroup;
			children = (
				DAC6C2CD2A3D7932002D33F8 /* PetsNextDoor.app */,
			);
			name = Products;
			sourceTree = "<group>";
		};
		DAC6C2CF2A3D7932002D33F8 /* PetsNextDoor */ = {
			isa = PBXGroup;
			children = (
				DAC6C2D02A3D7932002D33F8 /* AppDelegate.swift */,
				DAC6C2D22A3D7932002D33F8 /* SceneDelegate.swift */,
				DAC6C2D42A3D7932002D33F8 /* ViewController.swift */,
				DA275C582A44767100D09F77 /* GoogleService-Info.plist */,
				DAC6C2D62A3D7932002D33F8 /* Main.storyboard */,
				DAC6C2D92A3D7933002D33F8 /* Assets.xcassets */,
				DAC6C2DB2A3D7933002D33F8 /* LaunchScreen.storyboard */,
				DAC6C2DE2A3D7933002D33F8 /* Info.plist */,
			);
			path = PetsNextDoor;
			sourceTree = "<group>";
		};
/* End PBXGroup section */

/* Begin PBXNativeTarget section */
		DAC6C2CC2A3D7932002D33F8 /* PetsNextDoor */ = {
			isa = PBXNativeTarget;
			buildConfigurationList = DAC6C2E12A3D7933002D33F8 /* Build configuration list for PBXNativeTarget "PetsNextDoor" */;
			buildPhases = (
				DAC6C2C92A3D7932002D33F8 /* Sources */,
				DAC6C2CA2A3D7932002D33F8 /* Frameworks */,
				DAC6C2CB2A3D7932002D33F8 /* Resources */,
			);
			buildRules = (
			);
			dependencies = (
			);
			name = PetsNextDoor;
			packageProductDependencies = (
				DA275C5B2A44777400D09F77 /* FirebaseAnalytics */,
				DA275C5D2A44777500D09F77 /* FirebaseAnalyticsSwift */,
				DA275C5F2A44777500D09F77 /* FirebaseAuth */,
				DA275C612A44777500D09F77 /* FirebaseAuthCombine-Community */,
				DA275C632A44777500D09F77 /* FirebaseCrashlytics */,
			);
			productName = PetsNextDoor;
			productReference = DAC6C2CD2A3D7932002D33F8 /* PetsNextDoor.app */;
			productType = "com.apple.product-type.application";
		};
/* End PBXNativeTarget section */

/* Begin PBXProject section */
		DAC6C2C52A3D7932002D33F8 /* Project object */ = {
			isa = PBXProject;
			attributes = {
				BuildIndependentTargetsInParallel = 1;
				LastSwiftUpdateCheck = 1420;
				LastUpgradeCheck = 1420;
				TargetAttributes = {
					DAC6C2CC2A3D7932002D33F8 = {
						CreatedOnToolsVersion = 14.2;
					};
				};
			};
			buildConfigurationList = DAC6C2C82A3D7932002D33F8 /* Build configuration list for PBXProject "PetsNextDoor" */;
			compatibilityVersion = "Xcode 14.0";
			developmentRegion = en;
			hasScannedForEncodings = 0;
			knownRegions = (
				en,
				Base,
			);
			mainGroup = DAC6C2C42A3D7932002D33F8;
			packageReferences = (
				DA275C5A2A44777400D09F77 /* XCRemoteSwiftPackageReference "firebase-ios-sdk" */,
			);
			productRefGroup = DAC6C2CE2A3D7932002D33F8 /* Products */;
			projectDirPath = "";
			projectRoot = "";
			targets = (
				DAC6C2CC2A3D7932002D33F8 /* PetsNextDoor */,
			);
		};
/* End PBXProject section */

/* Begin PBXResourcesBuildPhase section */
		DAC6C2CB2A3D7932002D33F8 /* Resources */ = {
			isa = PBXResourcesBuildPhase;
			buildActionMask = 2147483647;
			files = (
				DAC6C2DD2A3D7933002D33F8 /* LaunchScreen.storyboard in Resources */,
				DA275C592A44767100D09F77 /* GoogleService-Info.plist in Resources */,
				DAC6C2DA2A3D7933002D33F8 /* Assets.xcassets in Resources */,
				DAC6C2D82A3D7932002D33F8 /* Main.storyboard in Resources */,
			);
			runOnlyForDeploymentPostprocessing = 0;
		};
/* End PBXResourcesBuildPhase section */

/* Begin PBXSourcesBuildPhase section */
		DAC6C2C92A3D7932002D33F8 /* Sources */ = {
			isa = PBXSourcesBuildPhase;
			buildActionMask = 2147483647;
			files = (
				DAC6C2D52A3D7932002D33F8 /* ViewController.swift in Sources */,
				DAC6C2D12A3D7932002D33F8 /* AppDelegate.swift in Sources */,
				DAC6C2D32A3D7932002D33F8 /* SceneDelegate.swift in Sources */,
			);
			runOnlyForDeploymentPostprocessing = 0;
		};
/* End PBXSourcesBuildPhase section */

/* Begin PBXVariantGroup section */
		DAC6C2D62A3D7932002D33F8 /* Main.storyboard */ = {
			isa = PBXVariantGroup;
			children = (
				DAC6C2D72A3D7932002D33F8 /* Base */,
			);
			name = Main.storyboard;
			sourceTree = "<group>";
		};
		DAC6C2DB2A3D7933002D33F8 /* LaunchScreen.storyboard */ = {
			isa = PBXVariantGroup;
			children = (
				DAC6C2DC2A3D7933002D33F8 /* Base */,
			);
			name = LaunchScreen.storyboard;
			sourceTree = "<group>";
		};
/* End PBXVariantGroup section */

/* Begin XCBuildConfiguration section */
		DAC6C2DF2A3D7933002D33F8 /* Debug */ = {
			isa = XCBuildConfiguration;
			buildSettings = {
				ALWAYS_SEARCH_USER_PATHS = NO;
				CLANG_ANALYZER_NONNULL = YES;
				CLANG_ANALYZER_NUMBER_OBJECT_CONVERSION = YES_AGGRESSIVE;
				CLANG_CXX_LANGUAGE_STANDARD = "gnu++20";
				CLANG_ENABLE_MODULES = YES;
				CLANG_ENABLE_OBJC_ARC = YES;
				CLANG_ENABLE_OBJC_WEAK = YES;
				CLANG_WARN_BLOCK_CAPTURE_AUTORELEASING = YES;
				CLANG_WARN_BOOL_CONVERSION = YES;
				CLANG_WARN_COMMA = YES;
				CLANG_WARN_CONSTANT_CONVERSION = YES;
				CLANG_WARN_DEPRECATED_OBJC_IMPLEMENTATIONS = YES;
				CLANG_WARN_DIRECT_OBJC_ISA_USAGE = YES_ERROR;
				CLANG_WARN_DOCUMENTATION_COMMENTS = YES;
				CLANG_WARN_EMPTY_BODY = YES;
				CLANG_WARN_ENUM_CONVERSION = YES;
				CLANG_WARN_INFINITE_RECURSION = YES;
				CLANG_WARN_INT_CONVERSION = YES;
				CLANG_WARN_NON_LITERAL_NULL_CONVERSION = YES;
				CLANG_WARN_OBJC_IMPLICIT_RETAIN_SELF = YES;
				CLANG_WARN_OBJC_LITERAL_CONVERSION = YES;
				CLANG_WARN_OBJC_ROOT_CLASS = YES_ERROR;
				CLANG_WARN_QUOTED_INCLUDE_IN_FRAMEWORK_HEADER = YES;
				CLANG_WARN_RANGE_LOOP_ANALYSIS = YES;
				CLANG_WARN_STRICT_PROTOTYPES = YES;
				CLANG_WARN_SUSPICIOUS_MOVE = YES;
				CLANG_WARN_UNGUARDED_AVAILABILITY = YES_AGGRESSIVE;
				CLANG_WARN_UNREACHABLE_CODE = YES;
				CLANG_WARN__DUPLICATE_METHOD_MATCH = YES;
				COPY_PHASE_STRIP = NO;
				DEBUG_INFORMATION_FORMAT = dwarf;
				ENABLE_STRICT_OBJC_MSGSEND = YES;
				ENABLE_TESTABILITY = YES;
				GCC_C_LANGUAGE_STANDARD = gnu11;
				GCC_DYNAMIC_NO_PIC = NO;
				GCC_NO_COMMON_BLOCKS = YES;
				GCC_OPTIMIZATION_LEVEL = 0;
				GCC_PREPROCESSOR_DEFINITIONS = (
					"DEBUG=1",
					"$(inherited)",
				);
				GCC_WARN_64_TO_32_BIT_CONVERSION = YES;
				GCC_WARN_ABOUT_RETURN_TYPE = YES_ERROR;
				GCC_WARN_UNDECLARED_SELECTOR = YES;
				GCC_WARN_UNINITIALIZED_AUTOS = YES_AGGRESSIVE;
				GCC_WARN_UNUSED_FUNCTION = YES;
				GCC_WARN_UNUSED_VARIABLE = YES;
				IPHONEOS_DEPLOYMENT_TARGET = 16.2;
				MTL_ENABLE_DEBUG_INFO = INCLUDE_SOURCE;
				MTL_FAST_MATH = YES;
				ONLY_ACTIVE_ARCH = YES;
				SDKROOT = iphoneos;
				SWIFT_ACTIVE_COMPILATION_CONDITIONS = DEBUG;
				SWIFT_OPTIMIZATION_LEVEL = "-Onone";
			};
			name = Debug;
		};
		DAC6C2E02A3D7933002D33F8 /* Release */ = {
			isa = XCBuildConfiguration;
			buildSettings = {
				ALWAYS_SEARCH_USER_PATHS = NO;
				CLANG_ANALYZER_NONNULL = YES;
				CLANG_ANALYZER_NUMBER_OBJECT_CONVERSION = YES_AGGRESSIVE;
				CLANG_CXX_LANGUAGE_STANDARD = "gnu++20";
				CLANG_ENABLE_MODULES = YES;
				CLANG_ENABLE_OBJC_ARC = YES;
				CLANG_ENABLE_OBJC_WEAK = YES;
				CLANG_WARN_BLOCK_CAPTURE_AUTORELEASING = YES;
				CLANG_WARN_BOOL_CONVERSION = YES;
				CLANG_WARN_COMMA = YES;
				CLANG_WARN_CONSTANT_CONVERSION = YES;
				CLANG_WARN_DEPRECATED_OBJC_IMPLEMENTATIONS = YES;
				CLANG_WARN_DIRECT_OBJC_ISA_USAGE = YES_ERROR;
				CLANG_WARN_DOCUMENTATION_COMMENTS = YES;
				CLANG_WARN_EMPTY_BODY = YES;
				CLANG_WARN_ENUM_CONVERSION = YES;
				CLANG_WARN_INFINITE_RECURSION = YES;
				CLANG_WARN_INT_CONVERSION = YES;
				CLANG_WARN_NON_LITERAL_NULL_CONVERSION = YES;
				CLANG_WARN_OBJC_IMPLICIT_RETAIN_SELF = YES;
				CLANG_WARN_OBJC_LITERAL_CONVERSION = YES;
				CLANG_WARN_OBJC_ROOT_CLASS = YES_ERROR;
				CLANG_WARN_QUOTED_INCLUDE_IN_FRAMEWORK_HEADER = YES;
				CLANG_WARN_RANGE_LOOP_ANALYSIS = YES;
				CLANG_WARN_STRICT_PROTOTYPES = YES;
				CLANG_WARN_SUSPICIOUS_MOVE = YES;
				CLANG_WARN_UNGUARDED_AVAILABILITY = YES_AGGRESSIVE;
				CLANG_WARN_UNREACHABLE_CODE = YES;
				CLANG_WARN__DUPLICATE_METHOD_MATCH = YES;
				COPY_PHASE_STRIP = NO;
				DEBUG_INFORMATION_FORMAT = "dwarf-with-dsym";
				ENABLE_NS_ASSERTIONS = NO;
				ENABLE_STRICT_OBJC_MSGSEND = YES;
				GCC_C_LANGUAGE_STANDARD = gnu11;
				GCC_NO_COMMON_BLOCKS = YES;
				GCC_WARN_64_TO_32_BIT_CONVERSION = YES;
				GCC_WARN_ABOUT_RETURN_TYPE = YES_ERROR;
				GCC_WARN_UNDECLARED_SELECTOR = YES;
				GCC_WARN_UNINITIALIZED_AUTOS = YES_AGGRESSIVE;
				GCC_WARN_UNUSED_FUNCTION = YES;
				GCC_WARN_UNUSED_VARIABLE = YES;
				IPHONEOS_DEPLOYMENT_TARGET = 16.2;
				MTL_ENABLE_DEBUG_INFO = NO;
				MTL_FAST_MATH = YES;
				SDKROOT = iphoneos;
				SWIFT_COMPILATION_MODE = wholemodule;
				SWIFT_OPTIMIZATION_LEVEL = "-O";
				VALIDATE_PRODUCT = YES;
			};
			name = Release;
		};
		DAC6C2E22A3D7933002D33F8 /* Debug */ = {
			isa = XCBuildConfiguration;
			buildSettings = {
				ASSETCATALOG_COMPILER_APPICON_NAME = AppIcon;
				ASSETCATALOG_COMPILER_GLOBAL_ACCENT_COLOR_NAME = AccentColor;
				CODE_SIGN_STYLE = Automatic;
				CURRENT_PROJECT_VERSION = 1;
				DEVELOPMENT_TEAM = SBX5GK4LT4;
				GENERATE_INFOPLIST_FILE = YES;
				INFOPLIST_FILE = PetsNextDoor/Info.plist;
				INFOPLIST_KEY_UIApplicationSupportsIndirectInputEvents = YES;
				INFOPLIST_KEY_UILaunchStoryboardName = LaunchScreen;
				INFOPLIST_KEY_UIMainStoryboardFile = Main;
				INFOPLIST_KEY_UISupportedInterfaceOrientations_iPad = "UIInterfaceOrientationPortrait UIInterfaceOrientationPortraitUpsideDown UIInterfaceOrientationLandscapeLeft UIInterfaceOrientationLandscapeRight";
				INFOPLIST_KEY_UISupportedInterfaceOrientations_iPhone = "UIInterfaceOrientationPortrait UIInterfaceOrientationLandscapeLeft UIInterfaceOrientationLandscapeRight";
				LD_RUNPATH_SEARCH_PATHS = (
					"$(inherited)",
					"@executable_path/Frameworks",
				);
				MARKETING_VERSION = 1.0;
				PRODUCT_BUNDLE_IDENTIFIER = co.kevinkim.PetsNextDoor;
				PRODUCT_NAME = "$(TARGET_NAME)";
				SWIFT_EMIT_LOC_STRINGS = YES;
				SWIFT_VERSION = 5.0;
				TARGETED_DEVICE_FAMILY = "1,2";
			};
			name = Debug;
		};
		DAC6C2E32A3D7933002D33F8 /* Release */ = {
			isa = XCBuildConfiguration;
			buildSettings = {
				ASSETCATALOG_COMPILER_APPICON_NAME = AppIcon;
				ASSETCATALOG_COMPILER_GLOBAL_ACCENT_COLOR_NAME = AccentColor;
				CODE_SIGN_STYLE = Automatic;
				CURRENT_PROJECT_VERSION = 1;
				DEVELOPMENT_TEAM = SBX5GK4LT4;
				GENERATE_INFOPLIST_FILE = YES;
				INFOPLIST_FILE = PetsNextDoor/Info.plist;
				INFOPLIST_KEY_UIApplicationSupportsIndirectInputEvents = YES;
				INFOPLIST_KEY_UILaunchStoryboardName = LaunchScreen;
				INFOPLIST_KEY_UIMainStoryboardFile = Main;
				INFOPLIST_KEY_UISupportedInterfaceOrientations_iPad = "UIInterfaceOrientationPortrait UIInterfaceOrientationPortraitUpsideDown UIInterfaceOrientationLandscapeLeft UIInterfaceOrientationLandscapeRight";
				INFOPLIST_KEY_UISupportedInterfaceOrientations_iPhone = "UIInterfaceOrientationPortrait UIInterfaceOrientationLandscapeLeft UIInterfaceOrientationLandscapeRight";
				LD_RUNPATH_SEARCH_PATHS = (
					"$(inherited)",
					"@executable_path/Frameworks",
				);
				MARKETING_VERSION = 1.0;
				PRODUCT_BUNDLE_IDENTIFIER = co.kevinkim.PetsNextDoor;
				PRODUCT_NAME = "$(TARGET_NAME)";
				SWIFT_EMIT_LOC_STRINGS = YES;
				SWIFT_VERSION = 5.0;
				TARGETED_DEVICE_FAMILY = "1,2";
			};
			name = Release;
		};
/* End XCBuildConfiguration section */

/* Begin XCConfigurationList section */
		DAC6C2C82A3D7932002D33F8 /* Build configuration list for PBXProject "PetsNextDoor" */ = {
			isa = XCConfigurationList;
			buildConfigurations = (
				DAC6C2DF2A3D7933002D33F8 /* Debug */,
				DAC6C2E02A3D7933002D33F8 /* Release */,
			);
			defaultConfigurationIsVisible = 0;
			defaultConfigurationName = Release;
		};
		DAC6C2E12A3D7933002D33F8 /* Build configuration list for PBXNativeTarget "PetsNextDoor" */ = {
			isa = XCConfigurationList;
			buildConfigurations = (
				DAC6C2E22A3D7933002D33F8 /* Debug */,
				DAC6C2E32A3D7933002D33F8 /* Release */,
			);
			defaultConfigurationIsVisible = 0;
			defaultConfigurationName = Release;
		};
/* End XCConfigurationList section */

/* Begin XCRemoteSwiftPackageReference section */
		DA275C5A2A44777400D09F77 /* XCRemoteSwiftPackageReference "firebase-ios-sdk" */ = {
			isa = XCRemoteSwiftPackageReference;
			repositoryURL = "https://github.com/firebase/firebase-ios-sdk";
			requirement = {
				kind = upToNextMajorVersion;
				minimumVersion = 10.0.0;
			};
		};
/* End XCRemoteSwiftPackageReference section */

/* Begin XCSwiftPackageProductDependency section */
		DA275C5B2A44777400D09F77 /* FirebaseAnalytics */ = {
			isa = XCSwiftPackageProductDependency;
			package = DA275C5A2A44777400D09F77 /* XCRemoteSwiftPackageReference "firebase-ios-sdk" */;
			productName = FirebaseAnalytics;
		};
		DA275C5D2A44777500D09F77 /* FirebaseAnalyticsSwift */ = {
			isa = XCSwiftPackageProductDependency;
			package = DA275C5A2A44777400D09F77 /* XCRemoteSwiftPackageReference "firebase-ios-sdk" */;
			productName = FirebaseAnalyticsSwift;
		};
		DA275C5F2A44777500D09F77 /* FirebaseAuth */ = {
			isa = XCSwiftPackageProductDependency;
			package = DA275C5A2A44777400D09F77 /* XCRemoteSwiftPackageReference "firebase-ios-sdk" */;
			productName = FirebaseAuth;
		};
		DA275C612A44777500D09F77 /* FirebaseAuthCombine-Community */ = {
			isa = XCSwiftPackageProductDependency;
			package = DA275C5A2A44777400D09F77 /* XCRemoteSwiftPackageReference "firebase-ios-sdk" */;
			productName = "FirebaseAuthCombine-Community";
		};
		DA275C632A44777500D09F77 /* FirebaseCrashlytics */ = {
			isa = XCSwiftPackageProductDependency;
			package = DA275C5A2A44777400D09F77 /* XCRemoteSwiftPackageReference "firebase-ios-sdk" */;
			productName = FirebaseCrashlytics;
		};
/* End XCSwiftPackageProductDependency section */
	};
	rootObject = DAC6C2C52A3D7932002D33F8 /* Project object */;
}
