// !$*UTF8*$!
{
	archiveVersion = 1;
	classes = {
	};
	objectVersion = 56;
	objects = {

/* Begin PBXBuildFile section */
		7C0AA8102A701A7F003B129F /* LoginRouter.swift in Sources */ = {isa = PBXBuildFile; fileRef = 7C0AA80F2A701A7F003B129F /* LoginRouter.swift */; };
		7C1277F32A544131004A83A4 /* BaseNavigationController.swift in Sources */ = {isa = PBXBuildFile; fileRef = 7C1277F22A544131004A83A4 /* BaseNavigationController.swift */; };
		7C1277F52A544142004A83A4 /* BaseViewController.swift in Sources */ = {isa = PBXBuildFile; fileRef = 7C1277F42A544142004A83A4 /* BaseViewController.swift */; };
		7C1277F72A54418C004A83A4 /* UserManager.swift in Sources */ = {isa = PBXBuildFile; fileRef = 7C1277F62A54418C004A83A4 /* UserManager.swift */; };
		7C1277FC2A544A0C004A83A4 /* ShortlyConfigurable.swift in Sources */ = {isa = PBXBuildFile; fileRef = 7C1277FB2A544A0C004A83A4 /* ShortlyConfigurable.swift */; };
		7C1277FF2A544B8C004A83A4 /* CombineCocoa in Frameworks */ = {isa = PBXBuildFile; productRef = 7C1277FE2A544B8C004A83A4 /* CombineCocoa */; };
		7C51EF5D2A94E8C2003132A1 /* SetProfileViewController.swift in Sources */ = {isa = PBXBuildFile; fileRef = 7C51EF5C2A94E8C2003132A1 /* SetProfileViewController.swift */; };
		7C51EF5F2A94E8D1003132A1 /* SetProfileFeature.swift in Sources */ = {isa = PBXBuildFile; fileRef = 7C51EF5E2A94E8D1003132A1 /* SetProfileFeature.swift */; };
		7C51EF612A94EB49003132A1 /* SetProfileImageComponent.swift in Sources */ = {isa = PBXBuildFile; fileRef = 7C51EF602A94EB49003132A1 /* SetProfileImageComponent.swift */; };
		7C51EF642A94EBE5003132A1 /* BaseTableView.swift in Sources */ = {isa = PBXBuildFile; fileRef = 7C51EF632A94EBE5003132A1 /* BaseTableView.swift */; };
		7C51EF702A94EE3F003132A1 /* SetProfileImageView.swift in Sources */ = {isa = PBXBuildFile; fileRef = 7C51EF6F2A94EE3F003132A1 /* SetProfileImageView.swift */; };
		7C51EF732A94EE60003132A1 /* BaseTextFieldView.swift in Sources */ = {isa = PBXBuildFile; fileRef = 7C51EF722A94EE60003132A1 /* BaseTextFieldView.swift */; };
		7C51EF762A94F4DA003132A1 /* UIView+Extension.swift in Sources */ = {isa = PBXBuildFile; fileRef = 7C51EF752A94F4DA003132A1 /* UIView+Extension.swift */; };
		DA275C592A44767100D09F77 /* GoogleService-Info.plist in Resources */ = {isa = PBXBuildFile; fileRef = DA275C582A44767100D09F77 /* GoogleService-Info.plist */; };
		DA275C5C2A44777400D09F77 /* FirebaseAnalytics in Frameworks */ = {isa = PBXBuildFile; productRef = DA275C5B2A44777400D09F77 /* FirebaseAnalytics */; };
		DA275C5E2A44777500D09F77 /* FirebaseAnalyticsSwift in Frameworks */ = {isa = PBXBuildFile; productRef = DA275C5D2A44777500D09F77 /* FirebaseAnalyticsSwift */; };
		DA275C602A44777500D09F77 /* FirebaseAuth in Frameworks */ = {isa = PBXBuildFile; productRef = DA275C5F2A44777500D09F77 /* FirebaseAuth */; };
		DA275C622A44777500D09F77 /* FirebaseAuthCombine-Community in Frameworks */ = {isa = PBXBuildFile; productRef = DA275C612A44777500D09F77 /* FirebaseAuthCombine-Community */; };
		DA275C642A44777500D09F77 /* FirebaseCrashlytics in Frameworks */ = {isa = PBXBuildFile; productRef = DA275C632A44777500D09F77 /* FirebaseCrashlytics */; };
		DA275C672A44817700D09F77 /* GoogleSignIn in Frameworks */ = {isa = PBXBuildFile; productRef = DA275C662A44817700D09F77 /* GoogleSignIn */; };
		DA275C692A44817700D09F77 /* GoogleSignInSwift in Frameworks */ = {isa = PBXBuildFile; productRef = DA275C682A44817700D09F77 /* GoogleSignInSwift */; };
		DA275C6C2A4481A600D09F77 /* SnapKit in Frameworks */ = {isa = PBXBuildFile; productRef = DA275C6B2A4481A600D09F77 /* SnapKit */; };
		DA4F05222A68021800D7E7A7 /* ComposableArchitecture in Frameworks */ = {isa = PBXBuildFile; productRef = DA4F05212A68021800D7E7A7 /* ComposableArchitecture */; };
		DA4F05282A68EA9E00D7E7A7 /* LoginFeature.swift in Sources */ = {isa = PBXBuildFile; fileRef = DA4F05272A68EA9E00D7E7A7 /* LoginFeature.swift */; };
		DA4F052E2A68F6B000D7E7A7 /* AppNameSpace.swift in Sources */ = {isa = PBXBuildFile; fileRef = DA4F052D2A68F6B000D7E7A7 /* AppNameSpace.swift */; };
		DA86A0ED2A62711800525711 /* Kingfisher in Frameworks */ = {isa = PBXBuildFile; productRef = DA86A0EC2A62711800525711 /* Kingfisher */; };
		DA86A0F22A6271A400525711 /* UIScreen+Extension.swift in Sources */ = {isa = PBXBuildFile; fileRef = DA86A0F12A6271A400525711 /* UIScreen+Extension.swift */; };
		DA86A0F52A62738200525711 /* LoadingIndicatorView.swift in Sources */ = {isa = PBXBuildFile; fileRef = DA86A0F42A62738200525711 /* LoadingIndicatorView.swift */; };
		DA86A0F72A62739500525711 /* LoadingIndicator.swift in Sources */ = {isa = PBXBuildFile; fileRef = DA86A0F62A62739500525711 /* LoadingIndicator.swift */; };
		DA86A0FA2A62741700525711 /* Server.swift in Sources */ = {isa = PBXBuildFile; fileRef = DA86A0F92A62741700525711 /* Server.swift */; };
		DA86A0FC2A6274C100525711 /* GesturePassthroughView.swift in Sources */ = {isa = PBXBuildFile; fileRef = DA86A0FB2A6274C100525711 /* GesturePassthroughView.swift */; };
		DA86A0FF2A62789200525711 /* RswiftLibrary in Frameworks */ = {isa = PBXBuildFile; productRef = DA86A0FE2A62789200525711 /* RswiftLibrary */; };
		DA8A34F12A7654900054FE25 /* Colors.swift in Sources */ = {isa = PBXBuildFile; fileRef = DA8A34F02A7654900054FE25 /* Colors.swift */; };
		DA8A34F42A7654AC0054FE25 /* UIColor+Extension.swift in Sources */ = {isa = PBXBuildFile; fileRef = DA8A34F32A7654AC0054FE25 /* UIColor+Extension.swift */; };
		DA8A34F82A7654DA0054FE25 /* Keyboard.swift in Sources */ = {isa = PBXBuildFile; fileRef = DA8A34F72A7654DA0054FE25 /* Keyboard.swift */; };
		DA8A34FE2A765B850054FE25 /* Component.swift in Sources */ = {isa = PBXBuildFile; fileRef = DA8A34FD2A765B850054FE25 /* Component.swift */; };
		DA8A35012A765BF30054FE25 /* BaseView.swift in Sources */ = {isa = PBXBuildFile; fileRef = DA8A35002A765BF30054FE25 /* BaseView.swift */; };
		DA8A35042A765F140054FE25 /* TextFieldComponent.swift in Sources */ = {isa = PBXBuildFile; fileRef = DA8A35032A765F140054FE25 /* TextFieldComponent.swift */; };
		DAAD52E22A7C98DE00227BB5 /* BaseBottomButton.swift in Sources */ = {isa = PBXBuildFile; fileRef = DAAD52E12A7C98DE00227BB5 /* BaseBottomButton.swift */; };
		DAAD52E52A7CBD5A00227BB5 /* ButtonComponent.swift in Sources */ = {isa = PBXBuildFile; fileRef = DAAD52E42A7CBD5A00227BB5 /* ButtonComponent.swift */; };
		DAAD52E82A7CBF5200227BB5 /* IdentifierProvidable.swift in Sources */ = {isa = PBXBuildFile; fileRef = DAAD52E72A7CBF5200227BB5 /* IdentifierProvidable.swift */; };
		DAAD52EC2A7CBF7400227BB5 /* OnTouchModifier.swift in Sources */ = {isa = PBXBuildFile; fileRef = DAAD52EB2A7CBF7400227BB5 /* OnTouchModifier.swift */; };
		DAAD52EE2A7CBF8A00227BB5 /* ComponentModifier.swift in Sources */ = {isa = PBXBuildFile; fileRef = DAAD52ED2A7CBF8A00227BB5 /* ComponentModifier.swift */; };
		DAAD52F02A7CC0ED00227BB5 /* TableViewAdapter.swift in Sources */ = {isa = PBXBuildFile; fileRef = DAAD52EF2A7CC0ED00227BB5 /* TableViewAdapter.swift */; };
		DAAD52F32A7CC90E00227BB5 /* UITableView+Extension.swift in Sources */ = {isa = PBXBuildFile; fileRef = DAAD52F22A7CC90E00227BB5 /* UITableView+Extension.swift */; };
		DAAD52F72A7CD58300227BB5 /* AuthenticateFeature.swift in Sources */ = {isa = PBXBuildFile; fileRef = DAAD52F62A7CD58300227BB5 /* AuthenticateFeature.swift */; };
		DAAD530A2A7E28F300227BB5 /* EmptyComponent.swift in Sources */ = {isa = PBXBuildFile; fileRef = DAAD53092A7E28F300227BB5 /* EmptyComponent.swift */; };
		DAAD530D2A7E291300227BB5 /* EmptyView.swift in Sources */ = {isa = PBXBuildFile; fileRef = DAAD530C2A7E291300227BB5 /* EmptyView.swift */; };
		DABA446F2A627BC900FD2639 /* Publisher+Extension.swift in Sources */ = {isa = PBXBuildFile; fileRef = DABA446E2A627BC900FD2639 /* Publisher+Extension.swift */; };
		DABA44722A627DA100FD2639 /* LoadingIndicatorInsertableView.swift in Sources */ = {isa = PBXBuildFile; fileRef = DABA44712A627DA100FD2639 /* LoadingIndicatorInsertableView.swift */; };
		DABA447E2A628EC000FD2639 /* Routable+Destinations.swift in Sources */ = {isa = PBXBuildFile; fileRef = DABA447D2A628EC000FD2639 /* Routable+Destinations.swift */; };
		DABA44812A629A0E00FD2639 /* AppRouter.swift in Sources */ = {isa = PBXBuildFile; fileRef = DABA44802A629A0E00FD2639 /* AppRouter.swift */; };
		DABA44842A629AF600FD2639 /* RootViewController.swift in Sources */ = {isa = PBXBuildFile; fileRef = DABA44832A629AF600FD2639 /* RootViewController.swift */; };
		DABA44872A62F91200FD2639 /* UIControl+Extension.swift in Sources */ = {isa = PBXBuildFile; fileRef = DABA44862A62F91200FD2639 /* UIControl+Extension.swift */; };
		DABA448A2A62FE3A00FD2639 /* CGPoint+Extension.swift in Sources */ = {isa = PBXBuildFile; fileRef = DABA44892A62FE3A00FD2639 /* CGPoint+Extension.swift */; };
		DABA44A02A63C62C00FD2639 /* BaseTabBarController.swift in Sources */ = {isa = PBXBuildFile; fileRef = DABA449F2A63C62C00FD2639 /* BaseTabBarController.swift */; };
		DABA44A62A63CB7600FD2639 /* AuthenticatePhoneNumberViewController.swift in Sources */ = {isa = PBXBuildFile; fileRef = DABA44A52A63CB7600FD2639 /* AuthenticatePhoneNumberViewController.swift */; };
		DAC6C2D12A3D7932002D33F8 /* AppDelegate.swift in Sources */ = {isa = PBXBuildFile; fileRef = DAC6C2D02A3D7932002D33F8 /* AppDelegate.swift */; };
		DAC6C2D32A3D7932002D33F8 /* SceneDelegate.swift in Sources */ = {isa = PBXBuildFile; fileRef = DAC6C2D22A3D7932002D33F8 /* SceneDelegate.swift */; };
		DAC6C2D52A3D7932002D33F8 /* LoginViewController.swift in Sources */ = {isa = PBXBuildFile; fileRef = DAC6C2D42A3D7932002D33F8 /* LoginViewController.swift */; };
		DAC6C2D82A3D7932002D33F8 /* Main.storyboard in Resources */ = {isa = PBXBuildFile; fileRef = DAC6C2D62A3D7932002D33F8 /* Main.storyboard */; };
		DAC6C2DA2A3D7933002D33F8 /* Assets.xcassets in Resources */ = {isa = PBXBuildFile; fileRef = DAC6C2D92A3D7933002D33F8 /* Assets.xcassets */; };
		DAC6C2DD2A3D7933002D33F8 /* LaunchScreen.storyboard in Resources */ = {isa = PBXBuildFile; fileRef = DAC6C2DB2A3D7933002D33F8 /* LaunchScreen.storyboard */; };
		DACB0A1B2A47E1B4002D18E7 /* LoginService.swift in Sources */ = {isa = PBXBuildFile; fileRef = DACB0A1A2A47E1B4002D18E7 /* LoginService.swift */; };
		DACB0A202A47E224002D18E7 /* UIApplication+Extension.swift in Sources */ = {isa = PBXBuildFile; fileRef = DACB0A1F2A47E224002D18E7 /* UIApplication+Extension.swift */; };
		DACB0A222A47E25F002D18E7 /* UIWindow+Extension.swift in Sources */ = {isa = PBXBuildFile; fileRef = DACB0A212A47E25F002D18E7 /* UIWindow+Extension.swift */; };
		DAF2D3A22A90CA4900A9B47A /* ComponentBuilder.swift in Sources */ = {isa = PBXBuildFile; fileRef = DAF2D3A12A90CA4900A9B47A /* ComponentBuilder.swift */; };
		DAF2D3A62A90CE8400A9B47A /* Array+Extension.swift in Sources */ = {isa = PBXBuildFile; fileRef = DAF2D3A52A90CE8400A9B47A /* Array+Extension.swift */; };
		DAFB93792A5ACE25006FC77C /* Dependency.swift in Sources */ = {isa = PBXBuildFile; fileRef = DAFB93782A5ACE25006FC77C /* Dependency.swift */; };
/* End PBXBuildFile section */

/* Begin PBXFileReference section */
		7C0AA80F2A701A7F003B129F /* LoginRouter.swift */ = {isa = PBXFileReference; lastKnownFileType = sourcecode.swift; path = LoginRouter.swift; sourceTree = "<group>"; };
		7C1277F22A544131004A83A4 /* BaseNavigationController.swift */ = {isa = PBXFileReference; lastKnownFileType = sourcecode.swift; path = BaseNavigationController.swift; sourceTree = "<group>"; };
		7C1277F42A544142004A83A4 /* BaseViewController.swift */ = {isa = PBXFileReference; lastKnownFileType = sourcecode.swift; path = BaseViewController.swift; sourceTree = "<group>"; };
		7C1277F62A54418C004A83A4 /* UserManager.swift */ = {isa = PBXFileReference; lastKnownFileType = sourcecode.swift; path = UserManager.swift; sourceTree = "<group>"; };
		7C1277FB2A544A0C004A83A4 /* ShortlyConfigurable.swift */ = {isa = PBXFileReference; lastKnownFileType = sourcecode.swift; path = ShortlyConfigurable.swift; sourceTree = "<group>"; };
		7C51EF5C2A94E8C2003132A1 /* SetProfileViewController.swift */ = {isa = PBXFileReference; lastKnownFileType = sourcecode.swift; path = SetProfileViewController.swift; sourceTree = "<group>"; };
		7C51EF5E2A94E8D1003132A1 /* SetProfileFeature.swift */ = {isa = PBXFileReference; lastKnownFileType = sourcecode.swift; path = SetProfileFeature.swift; sourceTree = "<group>"; };
		7C51EF602A94EB49003132A1 /* SetProfileImageComponent.swift */ = {isa = PBXFileReference; lastKnownFileType = sourcecode.swift; path = SetProfileImageComponent.swift; sourceTree = "<group>"; };
		7C51EF632A94EBE5003132A1 /* BaseTableView.swift */ = {isa = PBXFileReference; lastKnownFileType = sourcecode.swift; path = BaseTableView.swift; sourceTree = "<group>"; };
		7C51EF6F2A94EE3F003132A1 /* SetProfileImageView.swift */ = {isa = PBXFileReference; lastKnownFileType = sourcecode.swift; path = SetProfileImageView.swift; sourceTree = "<group>"; };
		7C51EF722A94EE60003132A1 /* BaseTextFieldView.swift */ = {isa = PBXFileReference; fileEncoding = 4; lastKnownFileType = sourcecode.swift; path = BaseTextFieldView.swift; sourceTree = "<group>"; };
		7C51EF752A94F4DA003132A1 /* UIView+Extension.swift */ = {isa = PBXFileReference; lastKnownFileType = sourcecode.swift; path = "UIView+Extension.swift"; sourceTree = "<group>"; };
		DA275C582A44767100D09F77 /* GoogleService-Info.plist */ = {isa = PBXFileReference; fileEncoding = 4; lastKnownFileType = text.plist.xml; path = "GoogleService-Info.plist"; sourceTree = "<group>"; };
		DA4F05272A68EA9E00D7E7A7 /* LoginFeature.swift */ = {isa = PBXFileReference; lastKnownFileType = sourcecode.swift; path = LoginFeature.swift; sourceTree = "<group>"; };
		DA4F052D2A68F6B000D7E7A7 /* AppNameSpace.swift */ = {isa = PBXFileReference; lastKnownFileType = sourcecode.swift; path = AppNameSpace.swift; sourceTree = "<group>"; };
		DA4F05372A691D5E00D7E7A7 /* AuthenticationPhoneNumberCore.swift */ = {isa = PBXFileReference; lastKnownFileType = sourcecode.swift; path = AuthenticationPhoneNumberCore.swift; sourceTree = "<group>"; };
		DA4F053F2A694B6B00D7E7A7 /* UIColor+Extension.swift */ = {isa = PBXFileReference; lastKnownFileType = sourcecode.swift; path = "UIColor+Extension.swift"; sourceTree = "<group>"; };
		DA4F05422A694BA000D7E7A7 /* Colors.swift */ = {isa = PBXFileReference; lastKnownFileType = sourcecode.swift; path = Colors.swift; sourceTree = "<group>"; };
		DA4F05482A6953AE00D7E7A7 /* UIView+Extension.swift */ = {isa = PBXFileReference; lastKnownFileType = sourcecode.swift; path = "UIView+Extension.swift"; sourceTree = "<group>"; };
		DA4F054A2A6955F700D7E7A7 /* Keyboard.swift */ = {isa = PBXFileReference; lastKnownFileType = sourcecode.swift; path = Keyboard.swift; sourceTree = "<group>"; };
		DA86A0F12A6271A400525711 /* UIScreen+Extension.swift */ = {isa = PBXFileReference; lastKnownFileType = sourcecode.swift; path = "UIScreen+Extension.swift"; sourceTree = "<group>"; };
		DA86A0F42A62738200525711 /* LoadingIndicatorView.swift */ = {isa = PBXFileReference; lastKnownFileType = sourcecode.swift; path = LoadingIndicatorView.swift; sourceTree = "<group>"; };
		DA86A0F62A62739500525711 /* LoadingIndicator.swift */ = {isa = PBXFileReference; lastKnownFileType = sourcecode.swift; path = LoadingIndicator.swift; sourceTree = "<group>"; };
		DA86A0F92A62741700525711 /* Server.swift */ = {isa = PBXFileReference; lastKnownFileType = sourcecode.swift; path = Server.swift; sourceTree = "<group>"; };
		DA86A0FB2A6274C100525711 /* GesturePassthroughView.swift */ = {isa = PBXFileReference; lastKnownFileType = sourcecode.swift; path = GesturePassthroughView.swift; sourceTree = "<group>"; };
		DA8A34F02A7654900054FE25 /* Colors.swift */ = {isa = PBXFileReference; lastKnownFileType = sourcecode.swift; path = Colors.swift; sourceTree = "<group>"; };
		DA8A34F32A7654AC0054FE25 /* UIColor+Extension.swift */ = {isa = PBXFileReference; lastKnownFileType = sourcecode.swift; path = "UIColor+Extension.swift"; sourceTree = "<group>"; };
		DA8A34F72A7654DA0054FE25 /* Keyboard.swift */ = {isa = PBXFileReference; lastKnownFileType = sourcecode.swift; path = Keyboard.swift; sourceTree = "<group>"; };
		DA8A34FD2A765B850054FE25 /* Component.swift */ = {isa = PBXFileReference; lastKnownFileType = sourcecode.swift; path = Component.swift; sourceTree = "<group>"; };
		DA8A35002A765BF30054FE25 /* BaseView.swift */ = {isa = PBXFileReference; lastKnownFileType = sourcecode.swift; path = BaseView.swift; sourceTree = "<group>"; };
		DA8A35032A765F140054FE25 /* TextFieldComponent.swift */ = {isa = PBXFileReference; lastKnownFileType = sourcecode.swift; path = TextFieldComponent.swift; sourceTree = "<group>"; };
		DAAD52E12A7C98DE00227BB5 /* BaseBottomButton.swift */ = {isa = PBXFileReference; fileEncoding = 4; lastKnownFileType = sourcecode.swift; path = BaseBottomButton.swift; sourceTree = "<group>"; };
		DAAD52E42A7CBD5A00227BB5 /* ButtonComponent.swift */ = {isa = PBXFileReference; lastKnownFileType = sourcecode.swift; path = ButtonComponent.swift; sourceTree = "<group>"; };
		DAAD52E72A7CBF5200227BB5 /* IdentifierProvidable.swift */ = {isa = PBXFileReference; lastKnownFileType = sourcecode.swift; path = IdentifierProvidable.swift; sourceTree = "<group>"; };
		DAAD52EB2A7CBF7400227BB5 /* OnTouchModifier.swift */ = {isa = PBXFileReference; lastKnownFileType = sourcecode.swift; path = OnTouchModifier.swift; sourceTree = "<group>"; };
		DAAD52ED2A7CBF8A00227BB5 /* ComponentModifier.swift */ = {isa = PBXFileReference; lastKnownFileType = sourcecode.swift; path = ComponentModifier.swift; sourceTree = "<group>"; };
		DAAD52EF2A7CC0ED00227BB5 /* TableViewAdapter.swift */ = {isa = PBXFileReference; lastKnownFileType = sourcecode.swift; path = TableViewAdapter.swift; sourceTree = "<group>"; };
		DAAD52F22A7CC90E00227BB5 /* UITableView+Extension.swift */ = {isa = PBXFileReference; lastKnownFileType = sourcecode.swift; path = "UITableView+Extension.swift"; sourceTree = "<group>"; };
		DAAD52F62A7CD58300227BB5 /* AuthenticateFeature.swift */ = {isa = PBXFileReference; lastKnownFileType = sourcecode.swift; path = AuthenticateFeature.swift; sourceTree = "<group>"; };
		DAAD53092A7E28F300227BB5 /* EmptyComponent.swift */ = {isa = PBXFileReference; lastKnownFileType = sourcecode.swift; path = EmptyComponent.swift; sourceTree = "<group>"; };
		DAAD530C2A7E291300227BB5 /* EmptyView.swift */ = {isa = PBXFileReference; lastKnownFileType = sourcecode.swift; path = EmptyView.swift; sourceTree = "<group>"; };
		DABA446E2A627BC900FD2639 /* Publisher+Extension.swift */ = {isa = PBXFileReference; lastKnownFileType = sourcecode.swift; path = "Publisher+Extension.swift"; sourceTree = "<group>"; };
		DABA44712A627DA100FD2639 /* LoadingIndicatorInsertableView.swift */ = {isa = PBXFileReference; lastKnownFileType = sourcecode.swift; path = LoadingIndicatorInsertableView.swift; sourceTree = "<group>"; };
		DABA447D2A628EC000FD2639 /* Routable+Destinations.swift */ = {isa = PBXFileReference; lastKnownFileType = sourcecode.swift; path = "Routable+Destinations.swift"; sourceTree = "<group>"; };
		DABA44802A629A0E00FD2639 /* AppRouter.swift */ = {isa = PBXFileReference; lastKnownFileType = sourcecode.swift; path = AppRouter.swift; sourceTree = "<group>"; };
		DABA44832A629AF600FD2639 /* RootViewController.swift */ = {isa = PBXFileReference; lastKnownFileType = sourcecode.swift; path = RootViewController.swift; sourceTree = "<group>"; };
		DABA44862A62F91200FD2639 /* UIControl+Extension.swift */ = {isa = PBXFileReference; lastKnownFileType = sourcecode.swift; path = "UIControl+Extension.swift"; sourceTree = "<group>"; };
		DABA44892A62FE3A00FD2639 /* CGPoint+Extension.swift */ = {isa = PBXFileReference; lastKnownFileType = sourcecode.swift; path = "CGPoint+Extension.swift"; sourceTree = "<group>"; };
		DABA449F2A63C62C00FD2639 /* BaseTabBarController.swift */ = {isa = PBXFileReference; lastKnownFileType = sourcecode.swift; path = BaseTabBarController.swift; sourceTree = "<group>"; };
		DABA44A52A63CB7600FD2639 /* AuthenticatePhoneNumberViewController.swift */ = {isa = PBXFileReference; lastKnownFileType = sourcecode.swift; path = AuthenticatePhoneNumberViewController.swift; sourceTree = "<group>"; };
		DAC6C2CD2A3D7932002D33F8 /* PetsNextDoor.app */ = {isa = PBXFileReference; explicitFileType = wrapper.application; includeInIndex = 0; path = PetsNextDoor.app; sourceTree = BUILT_PRODUCTS_DIR; };
		DAC6C2D02A3D7932002D33F8 /* AppDelegate.swift */ = {isa = PBXFileReference; lastKnownFileType = sourcecode.swift; path = AppDelegate.swift; sourceTree = "<group>"; };
		DAC6C2D22A3D7932002D33F8 /* SceneDelegate.swift */ = {isa = PBXFileReference; lastKnownFileType = sourcecode.swift; path = SceneDelegate.swift; sourceTree = "<group>"; };
		DAC6C2D42A3D7932002D33F8 /* LoginViewController.swift */ = {isa = PBXFileReference; lastKnownFileType = sourcecode.swift; path = LoginViewController.swift; sourceTree = "<group>"; };
		DAC6C2D72A3D7932002D33F8 /* Base */ = {isa = PBXFileReference; lastKnownFileType = file.storyboard; name = Base; path = Base.lproj/Main.storyboard; sourceTree = "<group>"; };
		DAC6C2D92A3D7933002D33F8 /* Assets.xcassets */ = {isa = PBXFileReference; lastKnownFileType = folder.assetcatalog; path = Assets.xcassets; sourceTree = "<group>"; };
		DAC6C2DC2A3D7933002D33F8 /* Base */ = {isa = PBXFileReference; lastKnownFileType = file.storyboard; name = Base; path = Base.lproj/LaunchScreen.storyboard; sourceTree = "<group>"; };
		DAC6C2DE2A3D7933002D33F8 /* Info.plist */ = {isa = PBXFileReference; lastKnownFileType = text.plist.xml; path = Info.plist; sourceTree = "<group>"; };
		DACB0A1A2A47E1B4002D18E7 /* LoginService.swift */ = {isa = PBXFileReference; lastKnownFileType = sourcecode.swift; path = LoginService.swift; sourceTree = "<group>"; };
		DACB0A1F2A47E224002D18E7 /* UIApplication+Extension.swift */ = {isa = PBXFileReference; lastKnownFileType = sourcecode.swift; path = "UIApplication+Extension.swift"; sourceTree = "<group>"; };
		DACB0A212A47E25F002D18E7 /* UIWindow+Extension.swift */ = {isa = PBXFileReference; lastKnownFileType = sourcecode.swift; path = "UIWindow+Extension.swift"; sourceTree = "<group>"; };
		DAF2D3A12A90CA4900A9B47A /* ComponentBuilder.swift */ = {isa = PBXFileReference; lastKnownFileType = sourcecode.swift; path = ComponentBuilder.swift; sourceTree = "<group>"; };
		DAF2D3A52A90CE8400A9B47A /* Array+Extension.swift */ = {isa = PBXFileReference; lastKnownFileType = sourcecode.swift; path = "Array+Extension.swift"; sourceTree = "<group>"; };
		DAFB93782A5ACE25006FC77C /* Dependency.swift */ = {isa = PBXFileReference; lastKnownFileType = sourcecode.swift; path = Dependency.swift; sourceTree = "<group>"; };
/* End PBXFileReference section */

/* Begin PBXFrameworksBuildPhase section */
		DAC6C2CA2A3D7932002D33F8 /* Frameworks */ = {
			isa = PBXFrameworksBuildPhase;
			buildActionMask = 2147483647;
			files = (
				DA86A0FF2A62789200525711 /* RswiftLibrary in Frameworks */,
				DA275C5E2A44777500D09F77 /* FirebaseAnalyticsSwift in Frameworks */,
				DA4F05222A68021800D7E7A7 /* ComposableArchitecture in Frameworks */,
				DA275C6C2A4481A600D09F77 /* SnapKit in Frameworks */,
				DA275C602A44777500D09F77 /* FirebaseAuth in Frameworks */,
				DA275C692A44817700D09F77 /* GoogleSignInSwift in Frameworks */,
				DA86A0ED2A62711800525711 /* Kingfisher in Frameworks */,
				DA275C642A44777500D09F77 /* FirebaseCrashlytics in Frameworks */,
				DA275C5C2A44777400D09F77 /* FirebaseAnalytics in Frameworks */,
				DA275C622A44777500D09F77 /* FirebaseAuthCombine-Community in Frameworks */,
				7C1277FF2A544B8C004A83A4 /* CombineCocoa in Frameworks */,
				DA275C672A44817700D09F77 /* GoogleSignIn in Frameworks */,
			);
			runOnlyForDeploymentPostprocessing = 0;
		};
/* End PBXFrameworksBuildPhase section */

/* Begin PBXGroup section */
		7C1277F02A5438A1004A83A4 /* App */ = {
			isa = PBXGroup;
			children = (
				DA4F052B2A68F69900D7E7A7 /* AppLifeCycle */,
				DA4F052D2A68F6B000D7E7A7 /* AppNameSpace.swift */,
			);
			path = App;
			sourceTree = "<group>";
		};
		7C1277F12A544119004A83A4 /* Base */ = {
			isa = PBXGroup;
			children = (
				DA8A35002A765BF30054FE25 /* BaseView.swift */,
				7C51EF632A94EBE5003132A1 /* BaseTableView.swift */,
				DAAD52E12A7C98DE00227BB5 /* BaseBottomButton.swift */,
				7C1277F22A544131004A83A4 /* BaseNavigationController.swift */,
				DABA449F2A63C62C00FD2639 /* BaseTabBarController.swift */,
				7C1277F42A544142004A83A4 /* BaseViewController.swift */,
				7C51EF722A94EE60003132A1 /* BaseTextFieldView.swift */,
			);
			path = Base;
			sourceTree = "<group>";
		};
		7C1277F82A54436A004A83A4 /* Screens */ = {
			isa = PBXGroup;
			children = (
				DAAD52EF2A7CC0ED00227BB5 /* TableViewAdapter.swift */,
				DA8A34FC2A765B7D0054FE25 /* Component */,
				DAAD52EA2A7CBF6500227BB5 /* ComponentModifier */,
				DA86A0F32A62737200525711 /* Views */,
				DABA44822A629ACB00FD2639 /* Root */,
				7C1277F92A54436E004A83A4 /* Login */,
			);
			path = Screens;
			sourceTree = "<group>";
		};
		7C1277F92A54436E004A83A4 /* Login */ = {
			isa = PBXGroup;
			children = (
				DABA44A32A63CB5600FD2639 /* LoginView */,
				DABA44A42A63CB6100FD2639 /* AuthenticatePhoneNumberView */,
				7C51EF5A2A94E851003132A1 /* SetProfileView */,
			);
			path = Login;
			sourceTree = "<group>";
		};
		7C1277FA2A544A02004A83A4 /* Protocols */ = {
			isa = PBXGroup;
			children = (
				7C1277FB2A544A0C004A83A4 /* ShortlyConfigurable.swift */,
				DAAD52E72A7CBF5200227BB5 /* IdentifierProvidable.swift */,
				DABA44712A627DA100FD2639 /* LoadingIndicatorInsertableView.swift */,
			);
			path = Protocols;
			sourceTree = "<group>";
		};
		7C51EF5A2A94E851003132A1 /* SetProfileView */ = {
			isa = PBXGroup;
			children = (
				7C51EF5C2A94E8C2003132A1 /* SetProfileViewController.swift */,
				7C51EF5E2A94E8D1003132A1 /* SetProfileFeature.swift */,
			);
			path = SetProfileView;
			sourceTree = "<group>";
		};
		7C51EF6E2A94EE22003132A1 /* ReusableViews */ = {
			isa = PBXGroup;
			children = (
				DA86A0F42A62738200525711 /* LoadingIndicatorView.swift */,
				DAAD530C2A7E291300227BB5 /* EmptyView.swift */,
				DA86A0F62A62739500525711 /* LoadingIndicator.swift */,
				DA86A0FB2A6274C100525711 /* GesturePassthroughView.swift */,
			);
			path = ReusableViews;
			sourceTree = "<group>";
		};
		DA4F052B2A68F69900D7E7A7 /* AppLifeCycle */ = {
			isa = PBXGroup;
			children = (
				DAC6C2D02A3D7932002D33F8 /* AppDelegate.swift */,
				DAC6C2D22A3D7932002D33F8 /* SceneDelegate.swift */,
			);
			path = AppLifeCycle;
			sourceTree = "<group>";
		};
		DA68EEFC2A52F05900302AFE /* DependencyKeys */ = {
			isa = PBXGroup;
			children = (
				DAFB93782A5ACE25006FC77C /* Dependency.swift */,
			);
			path = DependencyKeys;
			sourceTree = "<group>";
		};
		DA86A0EE2A62716A00525711 /* Tools */ = {
			isa = PBXGroup;
			children = (
				DA8A34F72A7654DA0054FE25 /* Keyboard.swift */,
			);
			path = Tools;
			sourceTree = "<group>";
		};
		DA86A0F32A62737200525711 /* Views */ = {
			isa = PBXGroup;
			children = (
				7C51EF6F2A94EE3F003132A1 /* SetProfileImageView.swift */,
				7C51EF6E2A94EE22003132A1 /* ReusableViews */,
			);
			path = Views;
			sourceTree = "<group>";
		};
		DA86A0F82A62740700525711 /* Networking */ = {
			isa = PBXGroup;
			children = (
				DA86A0F92A62741700525711 /* Server.swift */,
			);
			path = Networking;
			sourceTree = "<group>";
		};
		DA8A34FC2A765B7D0054FE25 /* Component */ = {
			isa = PBXGroup;
			children = (
				DA8A34FD2A765B850054FE25 /* Component.swift */,
				DAF2D3A12A90CA4900A9B47A /* ComponentBuilder.swift */,
				DA8A35032A765F140054FE25 /* TextFieldComponent.swift */,
				DAAD52E42A7CBD5A00227BB5 /* ButtonComponent.swift */,
				DAAD53092A7E28F300227BB5 /* EmptyComponent.swift */,
				7C51EF602A94EB49003132A1 /* SetProfileImageComponent.swift */,
			);
			path = Component;
			sourceTree = "<group>";
		};
		DAAD52EA2A7CBF6500227BB5 /* ComponentModifier */ = {
			isa = PBXGroup;
			children = (
				DAAD52ED2A7CBF8A00227BB5 /* ComponentModifier.swift */,
				DAAD52EB2A7CBF7400227BB5 /* OnTouchModifier.swift */,
			);
			path = ComponentModifier;
			sourceTree = "<group>";
		};
		DAAD52F42A7CC91200227BB5 /* UIKit */ = {
			isa = PBXGroup;
			children = (
				DAAD52F22A7CC90E00227BB5 /* UITableView+Extension.swift */,
				7C51EF752A94F4DA003132A1 /* UIView+Extension.swift */,
			);
			path = UIKit;
			sourceTree = "<group>";
		};
		DAAD52F52A7CC91900227BB5 /* Combine */ = {
			isa = PBXGroup;
			children = (
				DABA446E2A627BC900FD2639 /* Publisher+Extension.swift */,
			);
			path = Combine;
			sourceTree = "<group>";
		};
		DAAD52FD2A7D0A3D00227BB5 /* Recovered References */ = {
			isa = PBXGroup;
			children = (
				DA4F05422A694BA000D7E7A7 /* Colors.swift */,
				DA4F053F2A694B6B00D7E7A7 /* UIColor+Extension.swift */,
				DA4F05372A691D5E00D7E7A7 /* AuthenticationPhoneNumberCore.swift */,
				DA4F054A2A6955F700D7E7A7 /* Keyboard.swift */,
			);
			name = "Recovered References";
			sourceTree = "<group>";
		};
		DABA44742A62821800FD2639 /* Assets */ = {
			isa = PBXGroup;
			children = (
				DA8A34F02A7654900054FE25 /* Colors.swift */,
			);
			path = Assets;
			sourceTree = "<group>";
		};
		DABA447B2A628EB300FD2639 /* Router */ = {
			isa = PBXGroup;
			children = (
				DABA447D2A628EC000FD2639 /* Routable+Destinations.swift */,
				DABA44802A629A0E00FD2639 /* AppRouter.swift */,
				7C0AA80F2A701A7F003B129F /* LoginRouter.swift */,
			);
			path = Router;
			sourceTree = "<group>";
		};
		DABA44822A629ACB00FD2639 /* Root */ = {
			isa = PBXGroup;
			children = (
				DABA44832A629AF600FD2639 /* RootViewController.swift */,
			);
			path = Root;
			sourceTree = "<group>";
		};
		DABA44A32A63CB5600FD2639 /* LoginView */ = {
			isa = PBXGroup;
			children = (
				DAC6C2D42A3D7932002D33F8 /* LoginViewController.swift */,
				DA4F05272A68EA9E00D7E7A7 /* LoginFeature.swift */,
			);
			path = LoginView;
			sourceTree = "<group>";
		};
		DABA44A42A63CB6100FD2639 /* AuthenticatePhoneNumberView */ = {
			isa = PBXGroup;
			children = (
				DABA44A52A63CB7600FD2639 /* AuthenticatePhoneNumberViewController.swift */,
				DAAD52F62A7CD58300227BB5 /* AuthenticateFeature.swift */,
			);
			name = AuthenticatePhoneNumberView;
			sourceTree = "<group>";
		};
		DAC6C2C42A3D7932002D33F8 = {
			isa = PBXGroup;
			children = (
				DAC6C2CF2A3D7932002D33F8 /* PetsNextDoor */,
				DAC6C2CE2A3D7932002D33F8 /* Products */,
				DAAD52FD2A7D0A3D00227BB5 /* Recovered References */,
			);
			sourceTree = "<group>";
		};
		DAC6C2CE2A3D7932002D33F8 /* Products */ = {
			isa = PBXGroup;
			children = (
				DAC6C2CD2A3D7932002D33F8 /* PetsNextDoor.app */,
			);
			name = Products;
			sourceTree = "<group>";
		};
		DAC6C2CF2A3D7932002D33F8 /* PetsNextDoor */ = {
			isa = PBXGroup;
			children = (
				DABA44742A62821800FD2639 /* Assets */,
				7C1277F02A5438A1004A83A4 /* App */,
				DA68EEFC2A52F05900302AFE /* DependencyKeys */,
				DABA447B2A628EB300FD2639 /* Router */,
				7C1277F82A54436A004A83A4 /* Screens */,
				7C1277F12A544119004A83A4 /* Base */,
				DA86A0F82A62740700525711 /* Networking */,
				DACB0A1C2A47E201002D18E7 /* Utilities */,
				DACB0A142A47E08F002D18E7 /* Authentication */,
				DA275C582A44767100D09F77 /* GoogleService-Info.plist */,
				DAC6C2D62A3D7932002D33F8 /* Main.storyboard */,
				DAC6C2D92A3D7933002D33F8 /* Assets.xcassets */,
				DAC6C2DB2A3D7933002D33F8 /* LaunchScreen.storyboard */,
				DAC6C2DE2A3D7933002D33F8 /* Info.plist */,
			);
			path = PetsNextDoor;
			sourceTree = "<group>";
		};
		DACB0A142A47E08F002D18E7 /* Authentication */ = {
			isa = PBXGroup;
			children = (
				DACB0A1A2A47E1B4002D18E7 /* LoginService.swift */,
				7C1277F62A54418C004A83A4 /* UserManager.swift */,
			);
			path = Authentication;
			sourceTree = "<group>";
		};
		DACB0A1C2A47E201002D18E7 /* Utilities */ = {
			isa = PBXGroup;
			children = (
				DA86A0EE2A62716A00525711 /* Tools */,
				7C1277FA2A544A02004A83A4 /* Protocols */,
				DACB0A1D2A47E20F002D18E7 /* Extensions */,
			);
			path = Utilities;
			sourceTree = "<group>";
		};
		DACB0A1D2A47E20F002D18E7 /* Extensions */ = {
			isa = PBXGroup;
			children = (
				DAF2D3A42A90CE7C00A9B47A /* Foundation */,
				DAAD52F42A7CC91200227BB5 /* UIKit */,
				DAAD52F52A7CC91900227BB5 /* Combine */,
				DACB0A1F2A47E224002D18E7 /* UIApplication+Extension.swift */,
				DA86A0F12A6271A400525711 /* UIScreen+Extension.swift */,
				DACB0A212A47E25F002D18E7 /* UIWindow+Extension.swift */,
				DA8A34F32A7654AC0054FE25 /* UIColor+Extension.swift */,
				DABA44862A62F91200FD2639 /* UIControl+Extension.swift */,
				DA4F05482A6953AE00D7E7A7 /* UIView+Extension.swift */,
				DABA44892A62FE3A00FD2639 /* CGPoint+Extension.swift */,
			);
			path = Extensions;
			sourceTree = "<group>";
		};
		DAF2D3A42A90CE7C00A9B47A /* Foundation */ = {
			isa = PBXGroup;
			children = (
				DAF2D3A52A90CE8400A9B47A /* Array+Extension.swift */,
			);
			path = Foundation;
			sourceTree = "<group>";
		};
/* End PBXGroup section */

/* Begin PBXNativeTarget section */
		DAC6C2CC2A3D7932002D33F8 /* PetsNextDoor */ = {
			isa = PBXNativeTarget;
			buildConfigurationList = DAC6C2E12A3D7933002D33F8 /* Build configuration list for PBXNativeTarget "PetsNextDoor" */;
			buildPhases = (
				DAC6C2C92A3D7932002D33F8 /* Sources */,
				DAC6C2CA2A3D7932002D33F8 /* Frameworks */,
				DAC6C2CB2A3D7932002D33F8 /* Resources */,
			);
			buildRules = (
			);
			dependencies = (
				DA86A1022A62792D00525711 /* PBXTargetDependency */,
			);
			name = PetsNextDoor;
			packageProductDependencies = (
				DA275C5B2A44777400D09F77 /* FirebaseAnalytics */,
				DA275C5D2A44777500D09F77 /* FirebaseAnalyticsSwift */,
				DA275C5F2A44777500D09F77 /* FirebaseAuth */,
				DA275C612A44777500D09F77 /* FirebaseAuthCombine-Community */,
				DA275C632A44777500D09F77 /* FirebaseCrashlytics */,
				DA275C662A44817700D09F77 /* GoogleSignIn */,
				DA275C682A44817700D09F77 /* GoogleSignInSwift */,
				DA275C6B2A4481A600D09F77 /* SnapKit */,
				7C1277FE2A544B8C004A83A4 /* CombineCocoa */,
				DA86A0EC2A62711800525711 /* Kingfisher */,
				DA86A0FE2A62789200525711 /* RswiftLibrary */,
				DA4F05212A68021800D7E7A7 /* ComposableArchitecture */,
			);
			productName = PetsNextDoor;
			productReference = DAC6C2CD2A3D7932002D33F8 /* PetsNextDoor.app */;
			productType = "com.apple.product-type.application";
		};
/* End PBXNativeTarget section */

/* Begin PBXProject section */
		DAC6C2C52A3D7932002D33F8 /* Project object */ = {
			isa = PBXProject;
			attributes = {
				BuildIndependentTargetsInParallel = 1;
				LastSwiftUpdateCheck = 1420;
				LastUpgradeCheck = 1420;
				TargetAttributes = {
					DAC6C2CC2A3D7932002D33F8 = {
						CreatedOnToolsVersion = 14.2;
					};
				};
			};
			buildConfigurationList = DAC6C2C82A3D7932002D33F8 /* Build configuration list for PBXProject "PetsNextDoor" */;
			compatibilityVersion = "Xcode 14.0";
			developmentRegion = en;
			hasScannedForEncodings = 0;
			knownRegions = (
				en,
				Base,
			);
			mainGroup = DAC6C2C42A3D7932002D33F8;
			packageReferences = (
				DA275C5A2A44777400D09F77 /* XCRemoteSwiftPackageReference "firebase-ios-sdk" */,
				DA275C652A44817700D09F77 /* XCRemoteSwiftPackageReference "GoogleSignIn-iOS" */,
				DA275C6A2A4481A600D09F77 /* XCRemoteSwiftPackageReference "SnapKit" */,
				7C1277FD2A544B8C004A83A4 /* XCRemoteSwiftPackageReference "CombineCocoa" */,
				DA86A0EB2A62711800525711 /* XCRemoteSwiftPackageReference "Kingfisher" */,
				DA86A0FD2A62789200525711 /* XCRemoteSwiftPackageReference "R.swift" */,
				DA4F05202A68021800D7E7A7 /* XCRemoteSwiftPackageReference "swift-composable-architecture" */,
			);
			productRefGroup = DAC6C2CE2A3D7932002D33F8 /* Products */;
			projectDirPath = "";
			projectRoot = "";
			targets = (
				DAC6C2CC2A3D7932002D33F8 /* PetsNextDoor */,
			);
		};
/* End PBXProject section */

/* Begin PBXResourcesBuildPhase section */
		DAC6C2CB2A3D7932002D33F8 /* Resources */ = {
			isa = PBXResourcesBuildPhase;
			buildActionMask = 2147483647;
			files = (
				DAC6C2DD2A3D7933002D33F8 /* LaunchScreen.storyboard in Resources */,
				DA275C592A44767100D09F77 /* GoogleService-Info.plist in Resources */,
				DAC6C2DA2A3D7933002D33F8 /* Assets.xcassets in Resources */,
				DAC6C2D82A3D7932002D33F8 /* Main.storyboard in Resources */,
			);
			runOnlyForDeploymentPostprocessing = 0;
		};
/* End PBXResourcesBuildPhase section */

/* Begin PBXSourcesBuildPhase section */
		DAC6C2C92A3D7932002D33F8 /* Sources */ = {
			isa = PBXSourcesBuildPhase;
			buildActionMask = 2147483647;
			files = (
				DAAD52F02A7CC0ED00227BB5 /* TableViewAdapter.swift in Sources */,
				DAAD530D2A7E291300227BB5 /* EmptyView.swift in Sources */,
				DA86A0F72A62739500525711 /* LoadingIndicator.swift in Sources */,
				DA8A34F12A7654900054FE25 /* Colors.swift in Sources */,
				7C1277FC2A544A0C004A83A4 /* ShortlyConfigurable.swift in Sources */,
				DA8A35012A765BF30054FE25 /* BaseView.swift in Sources */,
				DABA44872A62F91200FD2639 /* UIControl+Extension.swift in Sources */,
				DA8A34FE2A765B850054FE25 /* Component.swift in Sources */,
				7C51EF732A94EE60003132A1 /* BaseTextFieldView.swift in Sources */,
				DACB0A1B2A47E1B4002D18E7 /* LoginService.swift in Sources */,
				DAFB93792A5ACE25006FC77C /* Dependency.swift in Sources */,
				DAC6C2D52A3D7932002D33F8 /* LoginViewController.swift in Sources */,
				7C51EF702A94EE3F003132A1 /* SetProfileImageView.swift in Sources */,
				DA86A0F52A62738200525711 /* LoadingIndicatorView.swift in Sources */,
				DAAD52EE2A7CBF8A00227BB5 /* ComponentModifier.swift in Sources */,
				DA8A34F42A7654AC0054FE25 /* UIColor+Extension.swift in Sources */,
				7C51EF5F2A94E8D1003132A1 /* SetProfileFeature.swift in Sources */,
				DAAD52F72A7CD58300227BB5 /* AuthenticateFeature.swift in Sources */,
				DABA447E2A628EC000FD2639 /* Routable+Destinations.swift in Sources */,
				DACB0A222A47E25F002D18E7 /* UIWindow+Extension.swift in Sources */,
				7C1277F52A544142004A83A4 /* BaseViewController.swift in Sources */,
				7C1277F72A54418C004A83A4 /* UserManager.swift in Sources */,
				DA86A0F22A6271A400525711 /* UIScreen+Extension.swift in Sources */,
				DAAD52E82A7CBF5200227BB5 /* IdentifierProvidable.swift in Sources */,
				DA86A0FA2A62741700525711 /* Server.swift in Sources */,
				DAAD52EC2A7CBF7400227BB5 /* OnTouchModifier.swift in Sources */,
				DABA44A02A63C62C00FD2639 /* BaseTabBarController.swift in Sources */,
				DA8A35042A765F140054FE25 /* TextFieldComponent.swift in Sources */,
				DAAD52F32A7CC90E00227BB5 /* UITableView+Extension.swift in Sources */,
				DABA44812A629A0E00FD2639 /* AppRouter.swift in Sources */,
				DAF2D3A22A90CA4900A9B47A /* ComponentBuilder.swift in Sources */,
				7C51EF762A94F4DA003132A1 /* UIView+Extension.swift in Sources */,
				DAC6C2D12A3D7932002D33F8 /* AppDelegate.swift in Sources */,
				DABA448A2A62FE3A00FD2639 /* CGPoint+Extension.swift in Sources */,
				DAAD52E22A7C98DE00227BB5 /* BaseBottomButton.swift in Sources */,
				DAAD530A2A7E28F300227BB5 /* EmptyComponent.swift in Sources */,
				DABA44722A627DA100FD2639 /* LoadingIndicatorInsertableView.swift in Sources */,
				7C1277F32A544131004A83A4 /* BaseNavigationController.swift in Sources */,
				DA4F05282A68EA9E00D7E7A7 /* LoginFeature.swift in Sources */,
				DABA44A62A63CB7600FD2639 /* AuthenticatePhoneNumberViewController.swift in Sources */,
				DABA446F2A627BC900FD2639 /* Publisher+Extension.swift in Sources */,
				7C51EF612A94EB49003132A1 /* SetProfileImageComponent.swift in Sources */,
				7C51EF5D2A94E8C2003132A1 /* SetProfileViewController.swift in Sources */,
				7C51EF642A94EBE5003132A1 /* BaseTableView.swift in Sources */,
				DACB0A202A47E224002D18E7 /* UIApplication+Extension.swift in Sources */,
				DA8A34F82A7654DA0054FE25 /* Keyboard.swift in Sources */,
				DA86A0FC2A6274C100525711 /* GesturePassthroughView.swift in Sources */,
				DA4F052E2A68F6B000D7E7A7 /* AppNameSpace.swift in Sources */,
				DAF2D3A62A90CE8400A9B47A /* Array+Extension.swift in Sources */,
				DABA44842A629AF600FD2639 /* RootViewController.swift in Sources */,
				7C0AA8102A701A7F003B129F /* LoginRouter.swift in Sources */,
				DAC6C2D32A3D7932002D33F8 /* SceneDelegate.swift in Sources */,
				DAAD52E52A7CBD5A00227BB5 /* ButtonComponent.swift in Sources */,
			);
			runOnlyForDeploymentPostprocessing = 0;
		};
/* End PBXSourcesBuildPhase section */

/* Begin PBXTargetDependency section */
		DA86A1022A62792D00525711 /* PBXTargetDependency */ = {
			isa = PBXTargetDependency;
			productRef = DA86A1012A62792D00525711 /* RswiftGenerateInternalResources */;
		};
/* End PBXTargetDependency section */

/* Begin PBXVariantGroup section */
		DAC6C2D62A3D7932002D33F8 /* Main.storyboard */ = {
			isa = PBXVariantGroup;
			children = (
				DAC6C2D72A3D7932002D33F8 /* Base */,
			);
			name = Main.storyboard;
			sourceTree = "<group>";
		};
		DAC6C2DB2A3D7933002D33F8 /* LaunchScreen.storyboard */ = {
			isa = PBXVariantGroup;
			children = (
				DAC6C2DC2A3D7933002D33F8 /* Base */,
			);
			name = LaunchScreen.storyboard;
			sourceTree = "<group>";
		};
/* End PBXVariantGroup section */

/* Begin XCBuildConfiguration section */
		DAC6C2DF2A3D7933002D33F8 /* Debug */ = {
			isa = XCBuildConfiguration;
			buildSettings = {
				ALWAYS_SEARCH_USER_PATHS = NO;
				CLANG_ANALYZER_NONNULL = YES;
				CLANG_ANALYZER_NUMBER_OBJECT_CONVERSION = YES_AGGRESSIVE;
				CLANG_CXX_LANGUAGE_STANDARD = "gnu++20";
				CLANG_ENABLE_MODULES = YES;
				CLANG_ENABLE_OBJC_ARC = YES;
				CLANG_ENABLE_OBJC_WEAK = YES;
				CLANG_WARN_BLOCK_CAPTURE_AUTORELEASING = YES;
				CLANG_WARN_BOOL_CONVERSION = YES;
				CLANG_WARN_COMMA = YES;
				CLANG_WARN_CONSTANT_CONVERSION = YES;
				CLANG_WARN_DEPRECATED_OBJC_IMPLEMENTATIONS = YES;
				CLANG_WARN_DIRECT_OBJC_ISA_USAGE = YES_ERROR;
				CLANG_WARN_DOCUMENTATION_COMMENTS = YES;
				CLANG_WARN_EMPTY_BODY = YES;
				CLANG_WARN_ENUM_CONVERSION = YES;
				CLANG_WARN_INFINITE_RECURSION = YES;
				CLANG_WARN_INT_CONVERSION = YES;
				CLANG_WARN_NON_LITERAL_NULL_CONVERSION = YES;
				CLANG_WARN_OBJC_IMPLICIT_RETAIN_SELF = YES;
				CLANG_WARN_OBJC_LITERAL_CONVERSION = YES;
				CLANG_WARN_OBJC_ROOT_CLASS = YES_ERROR;
				CLANG_WARN_QUOTED_INCLUDE_IN_FRAMEWORK_HEADER = YES;
				CLANG_WARN_RANGE_LOOP_ANALYSIS = YES;
				CLANG_WARN_STRICT_PROTOTYPES = YES;
				CLANG_WARN_SUSPICIOUS_MOVE = YES;
				CLANG_WARN_UNGUARDED_AVAILABILITY = YES_AGGRESSIVE;
				CLANG_WARN_UNREACHABLE_CODE = YES;
				CLANG_WARN__DUPLICATE_METHOD_MATCH = YES;
				COPY_PHASE_STRIP = NO;
				DEBUG_INFORMATION_FORMAT = dwarf;
				ENABLE_STRICT_OBJC_MSGSEND = YES;
				ENABLE_TESTABILITY = YES;
				GCC_C_LANGUAGE_STANDARD = gnu11;
				GCC_DYNAMIC_NO_PIC = NO;
				GCC_NO_COMMON_BLOCKS = YES;
				GCC_OPTIMIZATION_LEVEL = 0;
				GCC_PREPROCESSOR_DEFINITIONS = (
					"DEBUG=1",
					"$(inherited)",
				);
				GCC_WARN_64_TO_32_BIT_CONVERSION = YES;
				GCC_WARN_ABOUT_RETURN_TYPE = YES_ERROR;
				GCC_WARN_UNDECLARED_SELECTOR = YES;
				GCC_WARN_UNINITIALIZED_AUTOS = YES_AGGRESSIVE;
				GCC_WARN_UNUSED_FUNCTION = YES;
				GCC_WARN_UNUSED_VARIABLE = YES;
				IPHONEOS_DEPLOYMENT_TARGET = 16.2;
				MTL_ENABLE_DEBUG_INFO = INCLUDE_SOURCE;
				MTL_FAST_MATH = YES;
				ONLY_ACTIVE_ARCH = YES;
				SDKROOT = iphoneos;
				SWIFT_ACTIVE_COMPILATION_CONDITIONS = DEBUG;
				SWIFT_OPTIMIZATION_LEVEL = "-Onone";
			};
			name = Debug;
		};
		DAC6C2E02A3D7933002D33F8 /* Release */ = {
			isa = XCBuildConfiguration;
			buildSettings = {
				ALWAYS_SEARCH_USER_PATHS = NO;
				CLANG_ANALYZER_NONNULL = YES;
				CLANG_ANALYZER_NUMBER_OBJECT_CONVERSION = YES_AGGRESSIVE;
				CLANG_CXX_LANGUAGE_STANDARD = "gnu++20";
				CLANG_ENABLE_MODULES = YES;
				CLANG_ENABLE_OBJC_ARC = YES;
				CLANG_ENABLE_OBJC_WEAK = YES;
				CLANG_WARN_BLOCK_CAPTURE_AUTORELEASING = YES;
				CLANG_WARN_BOOL_CONVERSION = YES;
				CLANG_WARN_COMMA = YES;
				CLANG_WARN_CONSTANT_CONVERSION = YES;
				CLANG_WARN_DEPRECATED_OBJC_IMPLEMENTATIONS = YES;
				CLANG_WARN_DIRECT_OBJC_ISA_USAGE = YES_ERROR;
				CLANG_WARN_DOCUMENTATION_COMMENTS = YES;
				CLANG_WARN_EMPTY_BODY = YES;
				CLANG_WARN_ENUM_CONVERSION = YES;
				CLANG_WARN_INFINITE_RECURSION = YES;
				CLANG_WARN_INT_CONVERSION = YES;
				CLANG_WARN_NON_LITERAL_NULL_CONVERSION = YES;
				CLANG_WARN_OBJC_IMPLICIT_RETAIN_SELF = YES;
				CLANG_WARN_OBJC_LITERAL_CONVERSION = YES;
				CLANG_WARN_OBJC_ROOT_CLASS = YES_ERROR;
				CLANG_WARN_QUOTED_INCLUDE_IN_FRAMEWORK_HEADER = YES;
				CLANG_WARN_RANGE_LOOP_ANALYSIS = YES;
				CLANG_WARN_STRICT_PROTOTYPES = YES;
				CLANG_WARN_SUSPICIOUS_MOVE = YES;
				CLANG_WARN_UNGUARDED_AVAILABILITY = YES_AGGRESSIVE;
				CLANG_WARN_UNREACHABLE_CODE = YES;
				CLANG_WARN__DUPLICATE_METHOD_MATCH = YES;
				COPY_PHASE_STRIP = NO;
				DEBUG_INFORMATION_FORMAT = "dwarf-with-dsym";
				ENABLE_NS_ASSERTIONS = NO;
				ENABLE_STRICT_OBJC_MSGSEND = YES;
				GCC_C_LANGUAGE_STANDARD = gnu11;
				GCC_NO_COMMON_BLOCKS = YES;
				GCC_WARN_64_TO_32_BIT_CONVERSION = YES;
				GCC_WARN_ABOUT_RETURN_TYPE = YES_ERROR;
				GCC_WARN_UNDECLARED_SELECTOR = YES;
				GCC_WARN_UNINITIALIZED_AUTOS = YES_AGGRESSIVE;
				GCC_WARN_UNUSED_FUNCTION = YES;
				GCC_WARN_UNUSED_VARIABLE = YES;
				IPHONEOS_DEPLOYMENT_TARGET = 16.2;
				MTL_ENABLE_DEBUG_INFO = NO;
				MTL_FAST_MATH = YES;
				SDKROOT = iphoneos;
				SWIFT_COMPILATION_MODE = wholemodule;
				SWIFT_OPTIMIZATION_LEVEL = "-O";
				VALIDATE_PRODUCT = YES;
			};
			name = Release;
		};
		DAC6C2E22A3D7933002D33F8 /* Debug */ = {
			isa = XCBuildConfiguration;
			buildSettings = {
				ASSETCATALOG_COMPILER_APPICON_NAME = AppIcon;
				ASSETCATALOG_COMPILER_GLOBAL_ACCENT_COLOR_NAME = AccentColor;
				CODE_SIGN_STYLE = Automatic;
				CURRENT_PROJECT_VERSION = 1;
				DEVELOPMENT_TEAM = SBX5GK4LT4;
				GENERATE_INFOPLIST_FILE = YES;
				INFOPLIST_FILE = PetsNextDoor/Info.plist;
				INFOPLIST_KEY_UIApplicationSupportsIndirectInputEvents = YES;
				INFOPLIST_KEY_UILaunchStoryboardName = LaunchScreen;
				INFOPLIST_KEY_UIMainStoryboardFile = Main;
				INFOPLIST_KEY_UISupportedInterfaceOrientations_iPad = "UIInterfaceOrientationPortrait UIInterfaceOrientationPortraitUpsideDown UIInterfaceOrientationLandscapeLeft UIInterfaceOrientationLandscapeRight";
				INFOPLIST_KEY_UISupportedInterfaceOrientations_iPhone = "UIInterfaceOrientationPortrait UIInterfaceOrientationLandscapeLeft UIInterfaceOrientationLandscapeRight";
				LD_RUNPATH_SEARCH_PATHS = (
					"$(inherited)",
					"@executable_path/Frameworks",
				);
				MARKETING_VERSION = 1.0;
				PRODUCT_BUNDLE_IDENTIFIER = co.kevinkim.PetsNextDoor;
				PRODUCT_NAME = "$(TARGET_NAME)";
				SWIFT_EMIT_LOC_STRINGS = YES;
				SWIFT_VERSION = 5.0;
				TARGETED_DEVICE_FAMILY = "1,2";
			};
			name = Debug;
		};
		DAC6C2E32A3D7933002D33F8 /* Release */ = {
			isa = XCBuildConfiguration;
			buildSettings = {
				ASSETCATALOG_COMPILER_APPICON_NAME = AppIcon;
				ASSETCATALOG_COMPILER_GLOBAL_ACCENT_COLOR_NAME = AccentColor;
				CODE_SIGN_STYLE = Automatic;
				CURRENT_PROJECT_VERSION = 1;
				DEVELOPMENT_TEAM = SBX5GK4LT4;
				GENERATE_INFOPLIST_FILE = YES;
				INFOPLIST_FILE = PetsNextDoor/Info.plist;
				INFOPLIST_KEY_UIApplicationSupportsIndirectInputEvents = YES;
				INFOPLIST_KEY_UILaunchStoryboardName = LaunchScreen;
				INFOPLIST_KEY_UIMainStoryboardFile = Main;
				INFOPLIST_KEY_UISupportedInterfaceOrientations_iPad = "UIInterfaceOrientationPortrait UIInterfaceOrientationPortraitUpsideDown UIInterfaceOrientationLandscapeLeft UIInterfaceOrientationLandscapeRight";
				INFOPLIST_KEY_UISupportedInterfaceOrientations_iPhone = "UIInterfaceOrientationPortrait UIInterfaceOrientationLandscapeLeft UIInterfaceOrientationLandscapeRight";
				LD_RUNPATH_SEARCH_PATHS = (
					"$(inherited)",
					"@executable_path/Frameworks",
				);
				MARKETING_VERSION = 1.0;
				PRODUCT_BUNDLE_IDENTIFIER = co.kevinkim.PetsNextDoor;
				PRODUCT_NAME = "$(TARGET_NAME)";
				SWIFT_EMIT_LOC_STRINGS = YES;
				SWIFT_VERSION = 5.0;
				TARGETED_DEVICE_FAMILY = "1,2";
			};
			name = Release;
		};
/* End XCBuildConfiguration section */

/* Begin XCConfigurationList section */
		DAC6C2C82A3D7932002D33F8 /* Build configuration list for PBXProject "PetsNextDoor" */ = {
			isa = XCConfigurationList;
			buildConfigurations = (
				DAC6C2DF2A3D7933002D33F8 /* Debug */,
				DAC6C2E02A3D7933002D33F8 /* Release */,
			);
			defaultConfigurationIsVisible = 0;
			defaultConfigurationName = Release;
		};
		DAC6C2E12A3D7933002D33F8 /* Build configuration list for PBXNativeTarget "PetsNextDoor" */ = {
			isa = XCConfigurationList;
			buildConfigurations = (
				DAC6C2E22A3D7933002D33F8 /* Debug */,
				DAC6C2E32A3D7933002D33F8 /* Release */,
			);
			defaultConfigurationIsVisible = 0;
			defaultConfigurationName = Release;
		};
/* End XCConfigurationList section */

/* Begin XCRemoteSwiftPackageReference section */
		7C1277FD2A544B8C004A83A4 /* XCRemoteSwiftPackageReference "CombineCocoa" */ = {
			isa = XCRemoteSwiftPackageReference;
			repositoryURL = "https://github.com/CombineCommunity/CombineCocoa.git";
			requirement = {
				kind = upToNextMajorVersion;
				minimumVersion = 0.4.1;
			};
		};
		DA275C5A2A44777400D09F77 /* XCRemoteSwiftPackageReference "firebase-ios-sdk" */ = {
			isa = XCRemoteSwiftPackageReference;
			repositoryURL = "https://github.com/firebase/firebase-ios-sdk";
			requirement = {
				kind = upToNextMajorVersion;
				minimumVersion = 10.0.0;
			};
		};
		DA275C652A44817700D09F77 /* XCRemoteSwiftPackageReference "GoogleSignIn-iOS" */ = {
			isa = XCRemoteSwiftPackageReference;
			repositoryURL = "https://github.com/google/GoogleSignIn-iOS.git";
			requirement = {
				kind = upToNextMajorVersion;
				minimumVersion = 7.0.0;
			};
		};
		DA275C6A2A4481A600D09F77 /* XCRemoteSwiftPackageReference "SnapKit" */ = {
			isa = XCRemoteSwiftPackageReference;
			repositoryURL = "https://github.com/SnapKit/SnapKit.git";
			requirement = {
				kind = upToNextMajorVersion;
				minimumVersion = 5.0.0;
			};
		};
		DA4F05202A68021800D7E7A7 /* XCRemoteSwiftPackageReference "swift-composable-architecture" */ = {
			isa = XCRemoteSwiftPackageReference;
			repositoryURL = "https://github.com/pointfreeco/swift-composable-architecture";
			requirement = {
				kind = upToNextMajorVersion;
				minimumVersion = 0.56.0;
			};
		};
		DA86A0EB2A62711800525711 /* XCRemoteSwiftPackageReference "Kingfisher" */ = {
			isa = XCRemoteSwiftPackageReference;
			repositoryURL = "https://github.com/onevcat/Kingfisher.git";
			requirement = {
				kind = upToNextMajorVersion;
				minimumVersion = 7.0.0;
			};
		};
		DA86A0FD2A62789200525711 /* XCRemoteSwiftPackageReference "R.swift" */ = {
			isa = XCRemoteSwiftPackageReference;
			repositoryURL = "https://github.com/mac-cain13/R.swift.git";
			requirement = {
				kind = upToNextMajorVersion;
				minimumVersion = 7.0.0;
			};
		};
/* End XCRemoteSwiftPackageReference section */

/* Begin XCSwiftPackageProductDependency section */
		7C1277FE2A544B8C004A83A4 /* CombineCocoa */ = {
			isa = XCSwiftPackageProductDependency;
			package = 7C1277FD2A544B8C004A83A4 /* XCRemoteSwiftPackageReference "CombineCocoa" */;
			productName = CombineCocoa;
		};
		DA275C5B2A44777400D09F77 /* FirebaseAnalytics */ = {
			isa = XCSwiftPackageProductDependency;
			package = DA275C5A2A44777400D09F77 /* XCRemoteSwiftPackageReference "firebase-ios-sdk" */;
			productName = FirebaseAnalytics;
		};
		DA275C5D2A44777500D09F77 /* FirebaseAnalyticsSwift */ = {
			isa = XCSwiftPackageProductDependency;
			package = DA275C5A2A44777400D09F77 /* XCRemoteSwiftPackageReference "firebase-ios-sdk" */;
			productName = FirebaseAnalyticsSwift;
		};
		DA275C5F2A44777500D09F77 /* FirebaseAuth */ = {
			isa = XCSwiftPackageProductDependency;
			package = DA275C5A2A44777400D09F77 /* XCRemoteSwiftPackageReference "firebase-ios-sdk" */;
			productName = FirebaseAuth;
		};
		DA275C612A44777500D09F77 /* FirebaseAuthCombine-Community */ = {
			isa = XCSwiftPackageProductDependency;
			package = DA275C5A2A44777400D09F77 /* XCRemoteSwiftPackageReference "firebase-ios-sdk" */;
			productName = "FirebaseAuthCombine-Community";
		};
		DA275C632A44777500D09F77 /* FirebaseCrashlytics */ = {
			isa = XCSwiftPackageProductDependency;
			package = DA275C5A2A44777400D09F77 /* XCRemoteSwiftPackageReference "firebase-ios-sdk" */;
			productName = FirebaseCrashlytics;
		};
		DA275C662A44817700D09F77 /* GoogleSignIn */ = {
			isa = XCSwiftPackageProductDependency;
			package = DA275C652A44817700D09F77 /* XCRemoteSwiftPackageReference "GoogleSignIn-iOS" */;
			productName = GoogleSignIn;
		};
		DA275C682A44817700D09F77 /* GoogleSignInSwift */ = {
			isa = XCSwiftPackageProductDependency;
			package = DA275C652A44817700D09F77 /* XCRemoteSwiftPackageReference "GoogleSignIn-iOS" */;
			productName = GoogleSignInSwift;
		};
		DA275C6B2A4481A600D09F77 /* SnapKit */ = {
			isa = XCSwiftPackageProductDependency;
			package = DA275C6A2A4481A600D09F77 /* XCRemoteSwiftPackageReference "SnapKit" */;
			productName = SnapKit;
		};
		DA4F05212A68021800D7E7A7 /* ComposableArchitecture */ = {
			isa = XCSwiftPackageProductDependency;
			package = DA4F05202A68021800D7E7A7 /* XCRemoteSwiftPackageReference "swift-composable-architecture" */;
			productName = ComposableArchitecture;
		};
		DA86A0EC2A62711800525711 /* Kingfisher */ = {
			isa = XCSwiftPackageProductDependency;
			package = DA86A0EB2A62711800525711 /* XCRemoteSwiftPackageReference "Kingfisher" */;
			productName = Kingfisher;
		};
		DA86A0FE2A62789200525711 /* RswiftLibrary */ = {
			isa = XCSwiftPackageProductDependency;
			package = DA86A0FD2A62789200525711 /* XCRemoteSwiftPackageReference "R.swift" */;
			productName = RswiftLibrary;
		};
		DA86A1012A62792D00525711 /* RswiftGenerateInternalResources */ = {
			isa = XCSwiftPackageProductDependency;
			productName = "plugin:RswiftGenerateInternalResources";
		};
/* End XCSwiftPackageProductDependency section */
	};
	rootObject = DAC6C2C52A3D7932002D33F8 /* Project object */;
}
